
Microsoft Visual Studio Solution File, Format Version 12.00
# Visual Studio Version 17
VisualStudioVersion = 17.11.35219.272
MinimumVisualStudioVersion = 10.0.40219.1
Project("{FAE04EC0-301F-11D3-BF4B-00C04F79EFBC}") = "question", "question\question.csproj", "{24B3DFCC-08FD-44B1-BF60-AA082640A074}"
EndProject
Global
	GlobalSection(SolutionConfigurationPlatforms) = preSolution
		Debug|Any CPU = Debug|Any CPU
		Release|Any CPU = Release|Any CPU
	EndGlobalSection
	GlobalSection(ProjectConfigurationPlatforms) = postSolution
		{24B3DFCC-08FD-44B1-BF60-AA082640A074}.Debug|Any CPU.ActiveCfg = Debug|Any CPU
		{24B3DFCC-08FD-44B1-BF60-AA082640A074}.Debug|Any CPU.Build.0 = Debug|Any CPU
		{24B3DFCC-08FD-44B1-BF60-AA082640A074}.Release|Any CPU.ActiveCfg = Release|Any CPU
		{24B3DFCC-08FD-44B1-BF60-AA082640A074}.Release|Any CPU.Build.0 = Release|Any CPU
	EndGlobalSection
	GlobalSection(SolutionProperties) = preSolution
		HideSolutionNode = FALSE
	EndGlobalSection
	GlobalSection(ExtensibilityGlobals) = postSolution
		SolutionGuid = {C1AD695B-CBB0-4F2A-8F6D-7C8688D6F950}
	EndGlobalSection
EndGlobal
